# generated by rye
# use `rye lock` or `rye sync` to update this lockfile
#
# last locked with the following flags:
#   pre: false
#   features: []
#   all-features: false
#   with-sources: false

-e file:.
mypy==1.11.1
    # via loadax
mypy-extensions==1.0.0
    # via mypy
typing-extensions==4.12.2
    # via mypy
